
Microsoft Visual Studio Solution File, Format Version 12.00
# Visual Studio Version 16
VisualStudioVersion = 16.0.29613.14
MinimumVisualStudioVersion = 10.0.40219.1
Project("{FAE04EC0-301F-11D3-BF4B-00C04F79EFBC}") = "Sportif", "Sportif\Sportif.csproj", "{80B8FCC0-AEE5-4761-826B-AC9B4B9F1E9B}"
EndProject
Project("{FAE04EC0-301F-11D3-BF4B-00C04F79EFBC}") = "Sportif.Data", "Sportif.Data\Sportif.Data.csproj", "{B0DFF7C9-7AA6-495B-890B-32C5E09F7388}"
EndProject
Project("{FAE04EC0-301F-11D3-BF4B-00C04F79EFBC}") = "Sportif.Models", "Sportif.Models\Sportif.Models.csproj", "{B55C2547-5CE4-463E-8C49-707A4DFE8F7E}"
EndProject
Global
	GlobalSection(SolutionConfigurationPlatforms) = preSolution
		Debug|Any CPU = Debug|Any CPU
		Release|Any CPU = Release|Any CPU
	EndGlobalSection
	GlobalSection(ProjectConfigurationPlatforms) = postSolution
		{80B8FCC0-AEE5-4761-826B-AC9B4B9F1E9B}.Debug|Any CPU.ActiveCfg = Debug|Any CPU
		{80B8FCC0-AEE5-4761-826B-AC9B4B9F1E9B}.Debug|Any CPU.Build.0 = Debug|Any CPU
		{80B8FCC0-AEE5-4761-826B-AC9B4B9F1E9B}.Release|Any CPU.ActiveCfg = Release|Any CPU
		{80B8FCC0-AEE5-4761-826B-AC9B4B9F1E9B}.Release|Any CPU.Build.0 = Release|Any CPU
		{B0DFF7C9-7AA6-495B-890B-32C5E09F7388}.Debug|Any CPU.ActiveCfg = Debug|Any CPU
		{B0DFF7C9-7AA6-495B-890B-32C5E09F7388}.Debug|Any CPU.Build.0 = Debug|Any CPU
		{B0DFF7C9-7AA6-495B-890B-32C5E09F7388}.Release|Any CPU.ActiveCfg = Release|Any CPU
		{B0DFF7C9-7AA6-495B-890B-32C5E09F7388}.Release|Any CPU.Build.0 = Release|Any CPU
		{B55C2547-5CE4-463E-8C49-707A4DFE8F7E}.Debug|Any CPU.ActiveCfg = Debug|Any CPU
		{B55C2547-5CE4-463E-8C49-707A4DFE8F7E}.Debug|Any CPU.Build.0 = Debug|Any CPU
		{B55C2547-5CE4-463E-8C49-707A4DFE8F7E}.Release|Any CPU.ActiveCfg = Release|Any CPU
		{B55C2547-5CE4-463E-8C49-707A4DFE8F7E}.Release|Any CPU.Build.0 = Release|Any CPU
	EndGlobalSection
	GlobalSection(SolutionProperties) = preSolution
		HideSolutionNode = FALSE
	EndGlobalSection
	GlobalSection(ExtensibilityGlobals) = postSolution
		SolutionGuid = {DE302943-862D-4DB2-B973-292C3112E2D4}
	EndGlobalSection
EndGlobal
